github.com/davecgh/go-spew v1.1.1 h1:vj9j/general515PkbuPQ9nblXtav0BTmulzwzH6O6on/
github.com/davecgh/go-spew v1.1.1/go.mod h1:J7Y8YJui/fmrEwqQ2RzqxcpELtX/ZMlzEMelo7OmebU=
github.com/mark3labs/mcp-go v0.20.1 h1:KFiNjBOlJdOhJxL5GzAPGpHcP8t2hOiQ9iicFcBFBxg=
github.com/mark3labs/mcp-go v0.20.1/go.mod h1:GrGBBExLJ88BTzT6RIf6bJtFXh5ZtGFUiUWjCs1NKEI=
github.com/pmezard/go-difflib v1.0.0 h1:4DBwDE0NGyQoBHbLQYPwSUPoCMWR1BILDe1hp2G5/0Y=
github.com/pmezard/go-difflib v1.0.0/go.mod h1:iKH77CoAi3zFmuNQQRRRMkjleecPGiIM4OZO8hFmhZY=
github.com/spf13/cast v1.7.1 h1:cuNEagBQEHWN1FnbGEjCXL2szYEXqfJPbP2HNUaca9Y=
github.com/spf13/cast v1.7.1/go.mod h1:ancEpBxwJDODSW/UG4veyrNpzmknNewkmMbgiIyqdU=
github.com/stretchr/objx v0.5.2 h1:xuMeJ0Sdp5ZMRXx/aWO6RZxdr3beISkG5/G/aIRr3pY=
github.com/stretchr/objx v0.5.2/go.mod h1:phtQ9owsle6W79HY74BNn7ZjATCLklKylMBW6ATHFQo=
github.com/stretchr/testify v1.9.0 h1:HiWicPLR4ZSPisoSDFCpZGMZnebLCseIze3MaEjgRNI=
github.com/stretchr/testify v1.9.0/go.mod h1:r2ic/lqez/lEtzL7wO/rwa5dbSLXVDPFyf8C91i36aY=
github.com/yosida95/uritemplate/v3 v3.0.2 h1:Ed3Oyj9yrmi9087+NczuL5BwkIc9a0snIZNR5EBnK58=
github.com/yosida95/uritemplate/v3 v3.0.2/go.mod h1:ILOh0sOhIJR3+L/8afwt/kE++qT/py4R29Bx/S9n1Lw=
go.uber.org/multierr v1.11.0 h1:blXXJkSxSSfBVBlC76pxqeO+LN3aDfLQo+309xJstO0=
go.uber.org/multierr v1.11.0/go.mod h1:20+QRGPhDdCEhKxYGPa2eXFpxBrEfLqR/0FBzQWOJNQ=
go.uber.org/zap v1.27.0 h1:aJMQkARHkdwngTAKYDW89r/IfKqVsB/Yr6SIZ8BQOS4=
go.uber.org/zap v1.27.0/go.mod h1:YL7As29oEAOg+GMgQQL3vBp/6drhm5rjsb0OAnOmBVg=
gopkg.in/yaml.v3 v3.0.1 h1:fxVm/GzAzEWqLHuvctI91KS9hhNmmWOoWu0XTYJE68Kc=
gopkg.in/yaml.v3 v3.0.1/go.mod h1:K4uyk7z7BCEPqu6E+C64Yfv1cQ7kz7rIZviUmN+EgEM=
